{
  "name": "dashmessage",
  "version": "1.0.3",
  "lockfileVersion": 3,
  "requires": true,
  "packages": {
    "": {
      "name": "dashmessage",
      "version": "1.0.3",
      "license": "SEE LICENSE IN LICENSE",
      "devDependencies": {
        "@dashincubator/secp256k1": "^1.7.1-5",
        "@types/node": "^22.7.9",
        "dashkeys": "^1.1.5"
      }
    },
    "node_modules/@dashincubator/secp256k1": {
      "version": "1.7.1-5",
      "resolved": "https://registry.npmjs.org/@dashincubator/secp256k1/-/secp256k1-1.7.1-5.tgz",
      "integrity": "sha512-3iA+RDZrJsRFPpWhlYkp3EdoFAlKjdqkNFiRwajMrzcpA/G/IBX0AnC1pwRLkTrM+tUowcyGrkJfT03U4ETZeg==",
      "dev": true,
      "license": "MIT"
    },
    "node_modules/@types/node": {
      "version": "22.7.9",
      "resolved": "https://registry.npmjs.org/@types/node/-/node-22.7.9.tgz",
      "integrity": "sha512-jrTfRC7FM6nChvU7X2KqcrgquofrWLFDeYC1hKfwNWomVvrn7JIksqf344WN2X/y8xrgqBd2dJATZV4GbatBfg==",
      "dev": true,
      "license": "MIT",
      "dependencies": {
        "undici-types": "~6.19.2"
      }
    },
    "node_modules/dashkeys": {
      "version": "1.1.5",
      "resolved": "https://registry.npmjs.org/dashkeys/-/dashkeys-1.1.5.tgz",
      "integrity": "sha512-ohHoe3bNeWZPsVxmOrWFaqZrJP3GeuSk6AtAawUCx0ZXVkTraeDQyMMp7ewhy3OEHkvs5yy6woMAQnwhmooX8w==",
      "dev": true,
      "license": "SEE LICENSE IN LICENSE"
    },
    "node_modules/undici-types": {
      "version": "6.19.8",
      "resolved": "https://registry.npmjs.org/undici-types/-/undici-types-6.19.8.tgz",
      "integrity": "sha512-ve2KP6f/JnbPBFyobGHuerC9g1FYGn/F8n1LWTwNxCEzd6IfqTwUQcNXgEtmmQ6DlRrC1hrSrBnCZPokRrDHjw==",
      "dev": true,
      "license": "MIT"
    }
  }
}
